
Microsoft Visual Studio Solution File, Format Version 12.00
# Visual Studio Version 17
VisualStudioVersion = 17.9.34622.214
MinimumVisualStudioVersion = 10.0.40219.1
Project("{FAE04EC0-301F-11D3-BF4B-00C04F79EFBC}") = "FloTracker-Console", "FloTracker-Console\FloTracker-Console.csproj", "{9FB9379B-CF76-4EFB-A6BD-DB8ED3445C30}"
EndProject
Global
	GlobalSection(SolutionConfigurationPlatforms) = preSolution
		Debug|Any CPU = Debug|Any CPU
		Release|Any CPU = Release|Any CPU
	EndGlobalSection
	GlobalSection(ProjectConfigurationPlatforms) = postSolution
		{9FB9379B-CF76-4EFB-A6BD-DB8ED3445C30}.Debug|Any CPU.ActiveCfg = Debug|Any CPU
		{9FB9379B-CF76-4EFB-A6BD-DB8ED3445C30}.Debug|Any CPU.Build.0 = Debug|Any CPU
		{9FB9379B-CF76-4EFB-A6BD-DB8ED3445C30}.Release|Any CPU.ActiveCfg = Release|Any CPU
		{9FB9379B-CF76-4EFB-A6BD-DB8ED3445C30}.Release|Any CPU.Build.0 = Release|Any CPU
	EndGlobalSection
	GlobalSection(SolutionProperties) = preSolution
		HideSolutionNode = FALSE
	EndGlobalSection
	GlobalSection(ExtensibilityGlobals) = postSolution
		SolutionGuid = {6D1E5C60-A4B0-49E1-A111-AA1A72DD1470}
	EndGlobalSection
EndGlobal
